// !$*UTF8*$!
{
	archiveVersion = 1;
	classes = {
	};
	objectVersion = 50;
	objects = {

/* Begin PBXBuildFile section */
		AB4F782C25B4653C00DAB776 /* Magic_Light_2_0App.swift in Sources */ = {isa = PBXBuildFile; fileRef = AB4F782B25B4653C00DAB776 /* Magic_Light_2_0App.swift */; };
		AB4F782E25B4653C00DAB776 /* ContentView.swift in Sources */ = {isa = PBXBuildFile; fileRef = AB4F782D25B4653C00DAB776 /* ContentView.swift */; };
		AB4F783025B4653D00DAB776 /* Assets.xcassets in Resources */ = {isa = PBXBuildFile; fileRef = AB4F782F25B4653D00DAB776 /* Assets.xcassets */; };
		AB4F783325B4653D00DAB776 /* Preview Assets.xcassets in Resources */ = {isa = PBXBuildFile; fileRef = AB4F783225B4653D00DAB776 /* Preview Assets.xcassets */; };
		AB4F783E25B465A400DAB776 /* HomeKit.framework in Frameworks */ = {isa = PBXBuildFile; fileRef = AB4F783D25B465A400DAB776 /* HomeKit.framework */; };
		AB4F784125B4661A00DAB776 /* HomeManager.swift in Sources */ = {isa = PBXBuildFile; fileRef = AB4F784025B4661A00DAB776 /* HomeManager.swift */; };
		AB4F784425B4669B00DAB776 /* LightbulbModel.swift in Sources */ = {isa = PBXBuildFile; fileRef = AB4F784325B4669B00DAB776 /* LightbulbModel.swift */; };
		AB4F784825B4682700DAB776 /* CameraModel.swift in Sources */ = {isa = PBXBuildFile; fileRef = AB4F784725B4682700DAB776 /* CameraModel.swift */; };
		AB4F784E25B46EBC00DAB776 /* HandGestureObserver.mlmodel in Sources */ = {isa = PBXBuildFile; fileRef = AB4F784D25B46EBC00DAB776 /* HandGestureObserver.mlmodel */; };
		AB4F785125B4722700DAB776 /* CameraViewModel.swift in Sources */ = {isa = PBXBuildFile; fileRef = AB4F785025B4722700DAB776 /* CameraViewModel.swift */; };
/* End PBXBuildFile section */

/* Begin PBXFileReference section */
		AB4F782825B4653C00DAB776 /* Magic Light 2.0.app */ = {isa = PBXFileReference; explicitFileType = wrapper.application; includeInIndex = 0; path = "Magic Light 2.0.app"; sourceTree = BUILT_PRODUCTS_DIR; };
		AB4F782B25B4653C00DAB776 /* Magic_Light_2_0App.swift */ = {isa = PBXFileReference; lastKnownFileType = sourcecode.swift; path = Magic_Light_2_0App.swift; sourceTree = "<group>"; };
		AB4F782D25B4653C00DAB776 /* ContentView.swift */ = {isa = PBXFileReference; lastKnownFileType = sourcecode.swift; path = ContentView.swift; sourceTree = "<group>"; };
		AB4F782F25B4653D00DAB776 /* Assets.xcassets */ = {isa = PBXFileReference; lastKnownFileType = folder.assetcatalog; path = Assets.xcassets; sourceTree = "<group>"; };
		AB4F783225B4653D00DAB776 /* Preview Assets.xcassets */ = {isa = PBXFileReference; lastKnownFileType = folder.assetcatalog; path = "Preview Assets.xcassets"; sourceTree = "<group>"; };
		AB4F783425B4653D00DAB776 /* Info.plist */ = {isa = PBXFileReference; lastKnownFileType = text.plist.xml; path = Info.plist; sourceTree = "<group>"; };
		AB4F783B25B465A400DAB776 /* Magic Light 2.0.entitlements */ = {isa = PBXFileReference; lastKnownFileType = text.plist.entitlements; path = "Magic Light 2.0.entitlements"; sourceTree = "<group>"; };
		AB4F783D25B465A400DAB776 /* HomeKit.framework */ = {isa = PBXFileReference; lastKnownFileType = wrapper.framework; name = HomeKit.framework; path = System/Library/Frameworks/HomeKit.framework; sourceTree = SDKROOT; };
		AB4F784025B4661A00DAB776 /* HomeManager.swift */ = {isa = PBXFileReference; lastKnownFileType = sourcecode.swift; path = HomeManager.swift; sourceTree = "<group>"; };
		AB4F784325B4669B00DAB776 /* LightbulbModel.swift */ = {isa = PBXFileReference; lastKnownFileType = sourcecode.swift; path = LightbulbModel.swift; sourceTree = "<group>"; };
		AB4F784725B4682700DAB776 /* CameraModel.swift */ = {isa = PBXFileReference; lastKnownFileType = sourcecode.swift; path = CameraModel.swift; sourceTree = "<group>"; };
		AB4F784D25B46EBC00DAB776 /* HandGestureObserver.mlmodel */ = {isa = PBXFileReference; lastKnownFileType = file.mlmodel; path = HandGestureObserver.mlmodel; sourceTree = "<group>"; };
		AB4F785025B4722700DAB776 /* CameraViewModel.swift */ = {isa = PBXFileReference; lastKnownFileType = sourcecode.swift; path = CameraViewModel.swift; sourceTree = "<group>"; };
/* End PBXFileReference section */

/* Begin PBXFrameworksBuildPhase section */
		AB4F782525B4653C00DAB776 /* Frameworks */ = {
			isa = PBXFrameworksBuildPhase;
			buildActionMask = 2147483647;
			files = (
				AB4F783E25B465A400DAB776 /* HomeKit.framework in Frameworks */,
			);
			runOnlyForDeploymentPostprocessing = 0;
		};
/* End PBXFrameworksBuildPhase section */

/* Begin PBXGroup section */
		AB4F781F25B4653C00DAB776 = {
			isa = PBXGroup;
			children = (
				AB4F782A25B4653C00DAB776 /* Magic Light 2.0 */,
				AB4F782925B4653C00DAB776 /* Products */,
				AB4F783C25B465A400DAB776 /* Frameworks */,
			);
			sourceTree = "<group>";
		};
		AB4F782925B4653C00DAB776 /* Products */ = {
			isa = PBXGroup;
			children = (
				AB4F782825B4653C00DAB776 /* Magic Light 2.0.app */,
			);
			name = Products;
			sourceTree = "<group>";
		};
		AB4F782A25B4653C00DAB776 /* Magic Light 2.0 */ = {
			isa = PBXGroup;
			children = (
				AB4F784D25B46EBC00DAB776 /* HandGestureObserver.mlmodel */,
				AB4F784725B4682700DAB776 /* CameraModel.swift */,
				AB4F785025B4722700DAB776 /* CameraViewModel.swift */,
				AB4F782B25B4653C00DAB776 /* Magic_Light_2_0App.swift */,
				AB4F784325B4669B00DAB776 /* LightbulbModel.swift */,
				AB4F784025B4661A00DAB776 /* HomeManager.swift */,
				AB4F782D25B4653C00DAB776 /* ContentView.swift */,
				AB4F782F25B4653D00DAB776 /* Assets.xcassets */,
				AB4F783425B4653D00DAB776 /* Info.plist */,
				AB4F783B25B465A400DAB776 /* Magic Light 2.0.entitlements */,
				AB4F783125B4653D00DAB776 /* Preview Content */,
			);
			path = "Magic Light 2.0";
			sourceTree = "<group>";
		};
		AB4F783125B4653D00DAB776 /* Preview Content */ = {
			isa = PBXGroup;
			children = (
				AB4F783225B4653D00DAB776 /* Preview Assets.xcassets */,
			);
			path = "Preview Content";
			sourceTree = "<group>";
		};
		AB4F783C25B465A400DAB776 /* Frameworks */ = {
			isa = PBXGroup;
			children = (
				AB4F783D25B465A400DAB776 /* HomeKit.framework */,
			);
			name = Frameworks;
			sourceTree = "<group>";
		};
/* End PBXGroup section */

/* Begin PBXNativeTarget section */
		AB4F782725B4653C00DAB776 /* Magic Light 2.0 */ = {
			isa = PBXNativeTarget;
			buildConfigurationList = AB4F783725B4653D00DAB776 /* Build configuration list for PBXNativeTarget "Magic Light 2.0" */;
			buildPhases = (
				AB4F782425B4653C00DAB776 /* Sources */,
				AB4F782525B4653C00DAB776 /* Frameworks */,
				AB4F782625B4653C00DAB776 /* Resources */,
			);
			buildRules = (
			);
			dependencies = (
			);
			name = "Magic Light 2.0";
			productName = "Magic Light 2.0";
			productReference = AB4F782825B4653C00DAB776 /* Magic Light 2.0.app */;
			productType = "com.apple.product-type.application";
		};
/* End PBXNativeTarget section */

/* Begin PBXProject section */
		AB4F782025B4653C00DAB776 /* Project object */ = {
			isa = PBXProject;
			attributes = {
				LastSwiftUpdateCheck = 1220;
				LastUpgradeCheck = 1220;
				TargetAttributes = {
					AB4F782725B4653C00DAB776 = {
						CreatedOnToolsVersion = 12.2;
					};
				};
			};
			buildConfigurationList = AB4F782325B4653C00DAB776 /* Build configuration list for PBXProject "Magic Light 2.0" */;
			compatibilityVersion = "Xcode 9.3";
			developmentRegion = en;
			hasScannedForEncodings = 0;
			knownRegions = (
				en,
				Base,
			);
			mainGroup = AB4F781F25B4653C00DAB776;
			productRefGroup = AB4F782925B4653C00DAB776 /* Products */;
			projectDirPath = "";
			projectRoot = "";
			targets = (
				AB4F782725B4653C00DAB776 /* Magic Light 2.0 */,
			);
		};
/* End PBXProject section */

/* Begin PBXResourcesBuildPhase section */
		AB4F782625B4653C00DAB776 /* Resources */ = {
			isa = PBXResourcesBuildPhase;
			buildActionMask = 2147483647;
			files = (
				AB4F783325B4653D00DAB776 /* Preview Assets.xcassets in Resources */,
				AB4F783025B4653D00DAB776 /* Assets.xcassets in Resources */,
			);
			runOnlyForDeploymentPostprocessing = 0;
		};
/* End PBXResourcesBuildPhase section */

/* Begin PBXSourcesBuildPhase section */
		AB4F782425B4653C00DAB776 /* Sources */ = {
			isa = PBXSourcesBuildPhase;
			buildActionMask = 2147483647;
			files = (
				AB4F782E25B4653C00DAB776 /* ContentView.swift in Sources */,
				AB4F784425B4669B00DAB776 /* LightbulbModel.swift in Sources */,
				AB4F784125B4661A00DAB776 /* HomeManager.swift in Sources */,
				AB4F784E25B46EBC00DAB776 /* HandGestureObserver.mlmodel in Sources */,
				AB4F785125B4722700DAB776 /* CameraViewModel.swift in Sources */,
				AB4F784825B4682700DAB776 /* CameraModel.swift in Sources */,
				AB4F782C25B4653C00DAB776 /* Magic_Light_2_0App.swift in Sources */,
			);
			runOnlyForDeploymentPostprocessing = 0;
		};
/* End PBXSourcesBuildPhase section */

/* Begin XCBuildConfiguration section */
		AB4F783525B4653D00DAB776 /* Debug */ = {
			isa = XCBuildConfiguration;
			buildSettings = {
				ALWAYS_SEARCH_USER_PATHS = NO;
				CLANG_ANALYZER_NONNULL = YES;
				CLANG_ANALYZER_NUMBER_OBJECT_CONVERSION = YES_AGGRESSIVE;
				CLANG_CXX_LANGUAGE_STANDARD = "gnu++14";
				CLANG_CXX_LIBRARY = "libc++";
				CLANG_ENABLE_MODULES = YES;
				CLANG_ENABLE_OBJC_ARC = YES;
				CLANG_ENABLE_OBJC_WEAK = YES;
				CLANG_WARN_BLOCK_CAPTURE_AUTORELEASING = YES;
				CLANG_WARN_BOOL_CONVERSION = YES;
				CLANG_WARN_COMMA = YES;
				CLANG_WARN_CONSTANT_CONVERSION = YES;
				CLANG_WARN_DEPRECATED_OBJC_IMPLEMENTATIONS = YES;
				CLANG_WARN_DIRECT_OBJC_ISA_USAGE = YES_ERROR;
				CLANG_WARN_DOCUMENTATION_COMMENTS = YES;
				CLANG_WARN_EMPTY_BODY = YES;
				CLANG_WARN_ENUM_CONVERSION = YES;
				CLANG_WARN_INFINITE_RECURSION = YES;
				CLANG_WARN_INT_CONVERSION = YES;
				CLANG_WARN_NON_LITERAL_NULL_CONVERSION = YES;
				CLANG_WARN_OBJC_IMPLICIT_RETAIN_SELF = YES;
				CLANG_WARN_OBJC_LITERAL_CONVERSION = YES;
				CLANG_WARN_OBJC_ROOT_CLASS = YES_ERROR;
				CLANG_WARN_QUOTED_INCLUDE_IN_FRAMEWORK_HEADER = YES;
				CLANG_WARN_RANGE_LOOP_ANALYSIS = YES;
				CLANG_WARN_STRICT_PROTOTYPES = YES;
				CLANG_WARN_SUSPICIOUS_MOVE = YES;
				CLANG_WARN_UNGUARDED_AVAILABILITY = YES_AGGRESSIVE;
				CLANG_WARN_UNREACHABLE_CODE = YES;
				CLANG_WARN__DUPLICATE_METHOD_MATCH = YES;
				COPY_PHASE_STRIP = NO;
				DEBUG_INFORMATION_FORMAT = dwarf;
				ENABLE_STRICT_OBJC_MSGSEND = YES;
				ENABLE_TESTABILITY = YES;
				GCC_C_LANGUAGE_STANDARD = gnu11;
				GCC_DYNAMIC_NO_PIC = NO;
				GCC_NO_COMMON_BLOCKS = YES;
				GCC_OPTIMIZATION_LEVEL = 0;
				GCC_PREPROCESSOR_DEFINITIONS = (
					"DEBUG=1",
					"$(inherited)",
				);
				GCC_WARN_64_TO_32_BIT_CONVERSION = YES;
				GCC_WARN_ABOUT_RETURN_TYPE = YES_ERROR;
				GCC_WARN_UNDECLARED_SELECTOR = YES;
				GCC_WARN_UNINITIALIZED_AUTOS = YES_AGGRESSIVE;
				GCC_WARN_UNUSED_FUNCTION = YES;
				GCC_WARN_UNUSED_VARIABLE = YES;
				IPHONEOS_DEPLOYMENT_TARGET = 14.2;
				MTL_ENABLE_DEBUG_INFO = INCLUDE_SOURCE;
				MTL_FAST_MATH = YES;
				ONLY_ACTIVE_ARCH = YES;
				SDKROOT = iphoneos;
				SWIFT_ACTIVE_COMPILATION_CONDITIONS = DEBUG;
				SWIFT_OPTIMIZATION_LEVEL = "-Onone";
			};
			name = Debug;
		};
		AB4F783625B4653D00DAB776 /* Release */ = {
			isa = XCBuildConfiguration;
			buildSettings = {
				ALWAYS_SEARCH_USER_PATHS = NO;
				CLANG_ANALYZER_NONNULL = YES;
				CLANG_ANALYZER_NUMBER_OBJECT_CONVERSION = YES_AGGRESSIVE;
				CLANG_CXX_LANGUAGE_STANDARD = "gnu++14";
				CLANG_CXX_LIBRARY = "libc++";
				CLANG_ENABLE_MODULES = YES;
				CLANG_ENABLE_OBJC_ARC = YES;
				CLANG_ENABLE_OBJC_WEAK = YES;
				CLANG_WARN_BLOCK_CAPTURE_AUTORELEASING = YES;
				CLANG_WARN_BOOL_CONVERSION = YES;
				CLANG_WARN_COMMA = YES;
				CLANG_WARN_CONSTANT_CONVERSION = YES;
				CLANG_WARN_DEPRECATED_OBJC_IMPLEMENTATIONS = YES;
				CLANG_WARN_DIRECT_OBJC_ISA_USAGE = YES_ERROR;
				CLANG_WARN_DOCUMENTATION_COMMENTS = YES;
				CLANG_WARN_EMPTY_BODY = YES;
				CLANG_WARN_ENUM_CONVERSION = YES;
				CLANG_WARN_INFINITE_RECURSION = YES;
				CLANG_WARN_INT_CONVERSION = YES;
				CLANG_WARN_NON_LITERAL_NULL_CONVERSION = YES;
				CLANG_WARN_OBJC_IMPLICIT_RETAIN_SELF = YES;
				CLANG_WARN_OBJC_LITERAL_CONVERSION = YES;
				CLANG_WARN_OBJC_ROOT_CLASS = YES_ERROR;
				CLANG_WARN_QUOTED_INCLUDE_IN_FRAMEWORK_HEADER = YES;
				CLANG_WARN_RANGE_LOOP_ANALYSIS = YES;
				CLANG_WARN_STRICT_PROTOTYPES = YES;
				CLANG_WARN_SUSPICIOUS_MOVE = YES;
				CLANG_WARN_UNGUARDED_AVAILABILITY = YES_AGGRESSIVE;
				CLANG_WARN_UNREACHABLE_CODE = YES;
				CLANG_WARN__DUPLICATE_METHOD_MATCH = YES;
				COPY_PHASE_STRIP = NO;
				DEBUG_INFORMATION_FORMAT = "dwarf-with-dsym";
				ENABLE_NS_ASSERTIONS = NO;
				ENABLE_STRICT_OBJC_MSGSEND = YES;
				GCC_C_LANGUAGE_STANDARD = gnu11;
				GCC_NO_COMMON_BLOCKS = YES;
				GCC_WARN_64_TO_32_BIT_CONVERSION = YES;
				GCC_WARN_ABOUT_RETURN_TYPE = YES_ERROR;
				GCC_WARN_UNDECLARED_SELECTOR = YES;
				GCC_WARN_UNINITIALIZED_AUTOS = YES_AGGRESSIVE;
				GCC_WARN_UNUSED_FUNCTION = YES;
				GCC_WARN_UNUSED_VARIABLE = YES;
				IPHONEOS_DEPLOYMENT_TARGET = 14.2;
				MTL_ENABLE_DEBUG_INFO = NO;
				MTL_FAST_MATH = YES;
				SDKROOT = iphoneos;
				SWIFT_COMPILATION_MODE = wholemodule;
				SWIFT_OPTIMIZATION_LEVEL = "-O";
				VALIDATE_PRODUCT = YES;
			};
			name = Release;
		};
		AB4F783825B4653D00DAB776 /* Debug */ = {
			isa = XCBuildConfiguration;
			buildSettings = {
				ASSETCATALOG_COMPILER_APPICON_NAME = AppIcon;
				ASSETCATALOG_COMPILER_GLOBAL_ACCENT_COLOR_NAME = AccentColor;
				CODE_SIGN_ENTITLEMENTS = "Magic Light 2.0/Magic Light 2.0.entitlements";
				CODE_SIGN_STYLE = Automatic;
				DEVELOPMENT_ASSET_PATHS = "\"Magic Light 2.0/Preview Content\"";
				DEVELOPMENT_TEAM = PCNT3GDY6W;
				ENABLE_PREVIEWS = YES;
				INFOPLIST_FILE = "Magic Light 2.0/Info.plist";
				IPHONEOS_DEPLOYMENT_TARGET = 14.0;
				LD_RUNPATH_SEARCH_PATHS = (
					"$(inherited)",
					"@executable_path/Frameworks",
				);
				PRODUCT_BUNDLE_IDENTIFIER = "ClemensScholz.Magic-Light-2-0";
				PRODUCT_NAME = "$(TARGET_NAME)";
				SWIFT_VERSION = 5.0;
				TARGETED_DEVICE_FAMILY = "1,2";
			};
			name = Debug;
		};
		AB4F783925B4653D00DAB776 /* Release */ = {
			isa = XCBuildConfiguration;
			buildSettings = {
				ASSETCATALOG_COMPILER_APPICON_NAME = AppIcon;
				ASSETCATALOG_COMPILER_GLOBAL_ACCENT_COLOR_NAME = AccentColor;
				CODE_SIGN_ENTITLEMENTS = "Magic Light 2.0/Magic Light 2.0.entitlements";
				CODE_SIGN_STYLE = Automatic;
				DEVELOPMENT_ASSET_PATHS = "\"Magic Light 2.0/Preview Content\"";
				DEVELOPMENT_TEAM = PCNT3GDY6W;
				ENABLE_PREVIEWS = YES;
				INFOPLIST_FILE = "Magic Light 2.0/Info.plist";
				IPHONEOS_DEPLOYMENT_TARGET = 14.0;
				LD_RUNPATH_SEARCH_PATHS = (
					"$(inherited)",
					"@executable_path/Frameworks",
				);
				PRODUCT_BUNDLE_IDENTIFIER = "ClemensScholz.Magic-Light-2-0";
				PRODUCT_NAME = "$(TARGET_NAME)";
				SWIFT_VERSION = 5.0;
				TARGETED_DEVICE_FAMILY = "1,2";
			};
			name = Release;
		};
/* End XCBuildConfiguration section */

/* Begin XCConfigurationList section */
		AB4F782325B4653C00DAB776 /* Build configuration list for PBXProject "Magic Light 2.0" */ = {
			isa = XCConfigurationList;
			buildConfigurations = (
				AB4F783525B4653D00DAB776 /* Debug */,
				AB4F783625B4653D00DAB776 /* Release */,
			);
			defaultConfigurationIsVisible = 0;
			defaultConfigurationName = Release;
		};
		AB4F783725B4653D00DAB776 /* Build configuration list for PBXNativeTarget "Magic Light 2.0" */ = {
			isa = XCConfigurationList;
			buildConfigurations = (
				AB4F783825B4653D00DAB776 /* Debug */,
				AB4F783925B4653D00DAB776 /* Release */,
			);
			defaultConfigurationIsVisible = 0;
			defaultConfigurationName = Release;
		};
/* End XCConfigurationList section */
	};
	rootObject = AB4F782025B4653C00DAB776 /* Project object */;
}
